
Microsoft Visual Studio Solution File, Format Version 12.00
# Visual Studio Version 17
VisualStudioVersion = 17.13.35825.156 d17.13
MinimumVisualStudioVersion = 10.0.40219.1
Project("{FAE04EC0-301F-11D3-BF4B-00C04F79EFBC}") = "TicTacToe", "TicTacToe.csproj", "{587D0C5D-F6FF-423C-BC42-AE125A8BB3AA}"
EndProject
Global
	GlobalSection(SolutionConfigurationPlatforms) = preSolution
		Debug|Any CPU = Debug|Any CPU
		Release|Any CPU = Release|Any CPU
	EndGlobalSection
	GlobalSection(ProjectConfigurationPlatforms) = postSolution
		{587D0C5D-F6FF-423C-BC42-AE125A8BB3AA}.Debug|Any CPU.ActiveCfg = Debug|Any CPU
		{587D0C5D-F6FF-423C-BC42-AE125A8BB3AA}.Debug|Any CPU.Build.0 = Debug|Any CPU
		{587D0C5D-F6FF-423C-BC42-AE125A8BB3AA}.Release|Any CPU.ActiveCfg = Release|Any CPU
		{587D0C5D-F6FF-423C-BC42-AE125A8BB3AA}.Release|Any CPU.Build.0 = Release|Any CPU
	EndGlobalSection
	GlobalSection(SolutionProperties) = preSolution
		HideSolutionNode = FALSE
	EndGlobalSection
	GlobalSection(ExtensibilityGlobals) = postSolution
		SolutionGuid = {7BF31E69-FA52-4C0F-AF96-EDC5B4ECC633}
	EndGlobalSection
EndGlobal
