
Microsoft Visual Studio Solution File, Format Version 12.00
# Visual Studio Version 17
VisualStudioVersion = 17.13.35913.81 d17.13
MinimumVisualStudioVersion = 10.0.40219.1
Project("{FAE04EC0-301F-11D3-BF4B-00C04F79EFBC}") = "TicTacToe", "TicTacToe.csproj", "{40B7DDED-02CB-49F9-90B3-0931445BDDEF}"
EndProject
Project("{FAE04EC0-301F-11D3-BF4B-00C04F79EFBC}") = "TTT_BusinessLogic", "..\TTT_BusinessLogic\TTT_BusinessLogic.csproj", "{6E75B576-CAA9-4808-BA85-6F0F18A10495}"
EndProject
Project("{FAE04EC0-301F-11D3-BF4B-00C04F79EFBC}") = "TTT_DataLogic", "..\TTT_DataLogic\TTT_DataLogic.csproj", "{986A63ED-DDFF-47AD-9071-E33FD0790A09}"
EndProject
Project("{FAE04EC0-301F-11D3-BF4B-00C04F79EFBC}") = "TTT_History", "..\TTT_History\TTT_History.csproj", "{BB93B127-7C1A-4AB6-8131-DA423760719D}"
EndProject
Global
	GlobalSection(SolutionConfigurationPlatforms) = preSolution
		Debug|Any CPU = Debug|Any CPU
		Release|Any CPU = Release|Any CPU
	EndGlobalSection
	GlobalSection(ProjectConfigurationPlatforms) = postSolution
		{40B7DDED-02CB-49F9-90B3-0931445BDDEF}.Debug|Any CPU.ActiveCfg = Debug|Any CPU
		{40B7DDED-02CB-49F9-90B3-0931445BDDEF}.Debug|Any CPU.Build.0 = Debug|Any CPU
		{40B7DDED-02CB-49F9-90B3-0931445BDDEF}.Release|Any CPU.ActiveCfg = Release|Any CPU
		{40B7DDED-02CB-49F9-90B3-0931445BDDEF}.Release|Any CPU.Build.0 = Release|Any CPU
		{6E75B576-CAA9-4808-BA85-6F0F18A10495}.Debug|Any CPU.ActiveCfg = Debug|Any CPU
		{6E75B576-CAA9-4808-BA85-6F0F18A10495}.Debug|Any CPU.Build.0 = Debug|Any CPU
		{6E75B576-CAA9-4808-BA85-6F0F18A10495}.Release|Any CPU.ActiveCfg = Release|Any CPU
		{6E75B576-CAA9-4808-BA85-6F0F18A10495}.Release|Any CPU.Build.0 = Release|Any CPU
		{986A63ED-DDFF-47AD-9071-E33FD0790A09}.Debug|Any CPU.ActiveCfg = Debug|Any CPU
		{986A63ED-DDFF-47AD-9071-E33FD0790A09}.Debug|Any CPU.Build.0 = Debug|Any CPU
		{986A63ED-DDFF-47AD-9071-E33FD0790A09}.Release|Any CPU.ActiveCfg = Release|Any CPU
		{986A63ED-DDFF-47AD-9071-E33FD0790A09}.Release|Any CPU.Build.0 = Release|Any CPU
		{BB93B127-7C1A-4AB6-8131-DA423760719D}.Debug|Any CPU.ActiveCfg = Debug|Any CPU
		{BB93B127-7C1A-4AB6-8131-DA423760719D}.Debug|Any CPU.Build.0 = Debug|Any CPU
		{BB93B127-7C1A-4AB6-8131-DA423760719D}.Release|Any CPU.ActiveCfg = Release|Any CPU
		{BB93B127-7C1A-4AB6-8131-DA423760719D}.Release|Any CPU.Build.0 = Release|Any CPU
	EndGlobalSection
	GlobalSection(SolutionProperties) = preSolution
		HideSolutionNode = FALSE
	EndGlobalSection
	GlobalSection(ExtensibilityGlobals) = postSolution
		SolutionGuid = {0BCDD978-7EFC-45A1-91B2-825E6F57F2DD}
	EndGlobalSection
EndGlobal
